
Microsoft Visual Studio Solution File, Format Version 12.00
# Visual Studio Version 17
VisualStudioVersion = 17.7.34031.279
MinimumVisualStudioVersion = 10.0.40219.1
Project("{FAE04EC0-301F-11D3-BF4B-00C04F79EFBC}") = "GuessG", "GuessG.csproj", "{326AA36D-56A5-40FE-AC71-36E81EABD09B}"
EndProject
Global
	GlobalSection(SolutionConfigurationPlatforms) = preSolution
		Debug|Any CPU = Debug|Any CPU
		Release|Any CPU = Release|Any CPU
	EndGlobalSection
	GlobalSection(ProjectConfigurationPlatforms) = postSolution
		{326AA36D-56A5-40FE-AC71-36E81EABD09B}.Debug|Any CPU.ActiveCfg = Debug|Any CPU
		{326AA36D-56A5-40FE-AC71-36E81EABD09B}.Debug|Any CPU.Build.0 = Debug|Any CPU
		{326AA36D-56A5-40FE-AC71-36E81EABD09B}.Release|Any CPU.ActiveCfg = Release|Any CPU
		{326AA36D-56A5-40FE-AC71-36E81EABD09B}.Release|Any CPU.Build.0 = Release|Any CPU
	EndGlobalSection
	GlobalSection(SolutionProperties) = preSolution
		HideSolutionNode = FALSE
	EndGlobalSection
	GlobalSection(ExtensibilityGlobals) = postSolution
		SolutionGuid = {09E33061-D52B-40B7-80E0-FE39740DA096}
	EndGlobalSection
EndGlobal
