
Microsoft Visual Studio Solution File, Format Version 12.00
# Visual Studio Version 17
VisualStudioVersion = 17.7.34031.279
MinimumVisualStudioVersion = 10.0.40219.1
Project("{FAE04EC0-301F-11D3-BF4B-00C04F79EFBC}") = "C#102NestLoop", "C#102NestLoop.csproj", "{7A4DECE5-9FED-4CD0-9254-9CBB99CCA755}"
EndProject
Global
	GlobalSection(SolutionConfigurationPlatforms) = preSolution
		Debug|Any CPU = Debug|Any CPU
		Release|Any CPU = Release|Any CPU
	EndGlobalSection
	GlobalSection(ProjectConfigurationPlatforms) = postSolution
		{7A4DECE5-9FED-4CD0-9254-9CBB99CCA755}.Debug|Any CPU.ActiveCfg = Debug|Any CPU
		{7A4DECE5-9FED-4CD0-9254-9CBB99CCA755}.Debug|Any CPU.Build.0 = Debug|Any CPU
		{7A4DECE5-9FED-4CD0-9254-9CBB99CCA755}.Release|Any CPU.ActiveCfg = Release|Any CPU
		{7A4DECE5-9FED-4CD0-9254-9CBB99CCA755}.Release|Any CPU.Build.0 = Release|Any CPU
	EndGlobalSection
	GlobalSection(SolutionProperties) = preSolution
		HideSolutionNode = FALSE
	EndGlobalSection
	GlobalSection(ExtensibilityGlobals) = postSolution
		SolutionGuid = {1EB49F68-ADA6-43DE-8084-ED16405A663F}
	EndGlobalSection
EndGlobal
